
Microsoft Visual Studio Solution File, Format Version 12.00
# Visual Studio Version 16
VisualStudioVersion = 16.0.34601.136
MinimumVisualStudioVersion = 10.0.40219.1
Project("{E24C65DC-7377-472B-9ABA-BC803B73C61A}") = "WCFProject", "WCFProject\", "{7B398FFF-82ED-40C2-ADD8-A8CAA0E08E22}"
	ProjectSection(WebsiteProperties) = preProject
		TargetFrameworkMoniker = ".NETFramework,Version%3Dv4.7.2"
		Debug.AspNetCompiler.VirtualPath = "/localhost_51078"
		Debug.AspNetCompiler.PhysicalPath = "WCFProject\"
		Debug.AspNetCompiler.TargetPath = "PrecompiledWeb\localhost_51078\"
		Debug.AspNetCompiler.Updateable = "true"
		Debug.AspNetCompiler.ForceOverwrite = "true"
		Debug.AspNetCompiler.FixedNames = "false"
		Debug.AspNetCompiler.Debug = "True"
		Release.AspNetCompiler.VirtualPath = "/localhost_51078"
		Release.AspNetCompiler.PhysicalPath = "WCFProject\"
		Release.AspNetCompiler.TargetPath = "PrecompiledWeb\localhost_51078\"
		Release.AspNetCompiler.Updateable = "true"
		Release.AspNetCompiler.ForceOverwrite = "true"
		Release.AspNetCompiler.FixedNames = "false"
		Release.AspNetCompiler.Debug = "False"
		VWDPort = "51078"
		SlnRelativePath = "WCFProject\"
		DefaultWebSiteLanguage = "Visual C#"
	EndProjectSection
EndProject
Global
	GlobalSection(SolutionConfigurationPlatforms) = preSolution
		Debug|Any CPU = Debug|Any CPU
	EndGlobalSection
	GlobalSection(ProjectConfigurationPlatforms) = postSolution
		{7B398FFF-82ED-40C2-ADD8-A8CAA0E08E22}.Debug|Any CPU.ActiveCfg = Debug|Any CPU
		{7B398FFF-82ED-40C2-ADD8-A8CAA0E08E22}.Debug|Any CPU.Build.0 = Debug|Any CPU
	EndGlobalSection
	GlobalSection(SolutionProperties) = preSolution
		HideSolutionNode = FALSE
	EndGlobalSection
	GlobalSection(ExtensibilityGlobals) = postSolution
		SolutionGuid = {80223247-1935-4022-98BC-3C009470FF62}
	EndGlobalSection
EndGlobal
